
Microsoft Visual Studio Solution File, Format Version 12.00
# Visual Studio Version 16
VisualStudioVersion = 16.0.30204.135
MinimumVisualStudioVersion = 10.0.40219.1
Project("{FAE04EC0-301F-11D3-BF4B-00C04F79EFBC}") = "neXn.BlockMatrix", "neXn.BlockMatrix\neXn.BlockMatrix.csproj", "{7BB56316-202E-4F31-B2E8-8109F7126FE7}"
EndProject
Global
	GlobalSection(SolutionConfigurationPlatforms) = preSolution
		Debug|Any CPU = Debug|Any CPU
		Release|Any CPU = Release|Any CPU
	EndGlobalSection
	GlobalSection(ProjectConfigurationPlatforms) = postSolution
		{7BB56316-202E-4F31-B2E8-8109F7126FE7}.Debug|Any CPU.ActiveCfg = Debug|Any CPU
		{7BB56316-202E-4F31-B2E8-8109F7126FE7}.Debug|Any CPU.Build.0 = Debug|Any CPU
		{7BB56316-202E-4F31-B2E8-8109F7126FE7}.Release|Any CPU.ActiveCfg = Release|Any CPU
		{7BB56316-202E-4F31-B2E8-8109F7126FE7}.Release|Any CPU.Build.0 = Release|Any CPU
	EndGlobalSection
	GlobalSection(SolutionProperties) = preSolution
		HideSolutionNode = FALSE
	EndGlobalSection
	GlobalSection(ExtensibilityGlobals) = postSolution
		SolutionGuid = {022A11F6-CB6C-4425-9CBB-D69A4D6C63D7}
	EndGlobalSection
EndGlobal
